
Microsoft Visual Studio Solution File, Format Version 12.00
# Visual Studio Version 16
VisualStudioVersion = 16.0.28606.126
MinimumVisualStudioVersion = 10.0.40219.1
Project("{9A19103F-16F7-4668-BE54-9A1E7A4F7556}") = "BlazorState", "source\BlazorState\BlazorState.csproj", "{DF355720-EA1E-4505-AE68-1D36BD0D4711}"
EndProject
Project("{9A19103F-16F7-4668-BE54-9A1E7A4F7556}") = "BlazorState.Js", "source\BlazorState.Js\BlazorState.Js.csproj", "{51173297-32B7-473E-BA34-788B8E022536}"
EndProject
Project("{2150E333-8FDC-42A3-9474-1A3956D46DE8}") = "Tests", "Tests", "{2902FDFD-016E-4BF7-8B41-53D674FA53DD}"
EndProject
Project("{2150E333-8FDC-42A3-9474-1A3956D46DE8}") = "Tools", "Tools", "{E5536454-D05F-4C5B-92E5-AB44091503DA}"
EndProject
Project("{9A19103F-16F7-4668-BE54-9A1E7A4F7556}") = "Tools", "Tools\Source\Tools.csproj", "{4F2A89FC-EBD8-43F0-8C1E-4DDCEE0B5558}"
EndProject
Project("{9A19103F-16F7-4668-BE54-9A1E7A4F7556}") = "TestApp.Client", "test\TestApp\TestApp.Client\TestApp.Client.csproj", "{C98290C5-6C90-4A36-A561-E96FF367727C}"
EndProject
Project("{2150E333-8FDC-42A3-9474-1A3956D46DE8}") = "TestApp", "TestApp", "{50D398DD-1384-4FF3-9415-E46F5DC2E79F}"
EndProject
Project("{9A19103F-16F7-4668-BE54-9A1E7A4F7556}") = "TestApp.Shared", "test\TestApp\TestApp.Shared\TestApp.Shared.csproj", "{9C1235D1-6695-4A82-9FC3-3CA3257E5D7C}"
EndProject
Project("{9A19103F-16F7-4668-BE54-9A1E7A4F7556}") = "TestApp.Client.Integration.Tests", "test\TestApp.Client.Integration.Tests\TestApp.Client.Integration.Tests.csproj", "{9F7FD8F4-C4B2-4EB4-819B-0DAB95620C24}"
EndProject
Project("{9A19103F-16F7-4668-BE54-9A1E7A4F7556}") = "TestApp.EndToEnd.Tests", "test\TestApp.EndToEnd.Tests\TestApp.EndToEnd.Tests.csproj", "{31B84505-71FB-4D89-9840-EB0B33F5FB59}"
EndProject
Project("{9A19103F-16F7-4668-BE54-9A1E7A4F7556}") = "TestApp.Server.Integration.Tests", "test\TestApp.Server.Integration.Tests\TestApp.Server.Integration.Tests.csproj", "{37FFCA3B-6533-4262-8913-1E62EC0034CA}"
EndProject
Project("{9A19103F-16F7-4668-BE54-9A1E7A4F7556}") = "TestApp.Server", "test\TestApp\TestApp.Server\TestApp.Server.csproj", "{26D026AD-762A-4EE9-AC1B-FCE1CF5767E9}"
EndProject
Project("{9A19103F-16F7-4668-BE54-9A1E7A4F7556}") = "BlazorState.Blazor", "Samples\BlazorState.Blazor\BlazorState.Blazor.csproj", "{63F0423C-9DD6-400D-A565-990F6152F543}"
EndProject
Project("{2150E333-8FDC-42A3-9474-1A3956D46DE8}") = "Sample", "Sample", "{B1E581CB-F184-4A07-A76F-5E52AF9FEA5C}"
EndProject
Project("{2150E333-8FDC-42A3-9474-1A3956D46DE8}") = "Blazor", "Blazor", "{E564510A-068C-419F-9534-5FC9B23D7E34}"
EndProject
Project("{2150E333-8FDC-42A3-9474-1A3956D46DE8}") = "Xamarin", "Xamarin", "{24674478-7B49-4A30-B590-2FE45F0ABFC8}"
EndProject
Project("{FAE04EC0-301F-11D3-BF4B-00C04F79EFBC}") = "BlazorState.Xam.Android", "BlazorState.Xam\BlazorState.Xam.Android\BlazorState.Xam.Android.csproj", "{E8AC646A-78C4-415B-B39B-17036C3BAD2D}"
EndProject
Project("{FAE04EC0-301F-11D3-BF4B-00C04F79EFBC}") = "BlazorState.Xam.iOS", "BlazorState.Xam\BlazorState.Xam.iOS\BlazorState.Xam.iOS.csproj", "{2E109699-22DE-4648-BA7C-15D47724A4C9}"
EndProject
Project("{9A19103F-16F7-4668-BE54-9A1E7A4F7556}") = "BlazorState.Xam", "BlazorState.Xam\BlazorState.Xam\BlazorState.Xam.csproj", "{37C844B8-29C8-40FF-A95B-BDC63990B74C}"
EndProject
Global
	GlobalSection(SolutionConfigurationPlatforms) = preSolution
		Debug|Any CPU = Debug|Any CPU
		Debug|iPhone = Debug|iPhone
		Debug|iPhoneSimulator = Debug|iPhoneSimulator
		Release|Any CPU = Release|Any CPU
		Release|iPhone = Release|iPhone
		Release|iPhoneSimulator = Release|iPhoneSimulator
	EndGlobalSection
	GlobalSection(ProjectConfigurationPlatforms) = postSolution
		{DF355720-EA1E-4505-AE68-1D36BD0D4711}.Debug|Any CPU.ActiveCfg = Debug|Any CPU
		{DF355720-EA1E-4505-AE68-1D36BD0D4711}.Debug|Any CPU.Build.0 = Debug|Any CPU
		{DF355720-EA1E-4505-AE68-1D36BD0D4711}.Debug|iPhone.ActiveCfg = Debug|Any CPU
		{DF355720-EA1E-4505-AE68-1D36BD0D4711}.Debug|iPhone.Build.0 = Debug|Any CPU
		{DF355720-EA1E-4505-AE68-1D36BD0D4711}.Debug|iPhoneSimulator.ActiveCfg = Debug|Any CPU
		{DF355720-EA1E-4505-AE68-1D36BD0D4711}.Debug|iPhoneSimulator.Build.0 = Debug|Any CPU
		{DF355720-EA1E-4505-AE68-1D36BD0D4711}.Release|Any CPU.ActiveCfg = Release|Any CPU
		{DF355720-EA1E-4505-AE68-1D36BD0D4711}.Release|Any CPU.Build.0 = Release|Any CPU
		{DF355720-EA1E-4505-AE68-1D36BD0D4711}.Release|iPhone.ActiveCfg = Release|Any CPU
		{DF355720-EA1E-4505-AE68-1D36BD0D4711}.Release|iPhone.Build.0 = Release|Any CPU
		{DF355720-EA1E-4505-AE68-1D36BD0D4711}.Release|iPhoneSimulator.ActiveCfg = Release|Any CPU
		{DF355720-EA1E-4505-AE68-1D36BD0D4711}.Release|iPhoneSimulator.Build.0 = Release|Any CPU
		{51173297-32B7-473E-BA34-788B8E022536}.Debug|Any CPU.ActiveCfg = Debug|Any CPU
		{51173297-32B7-473E-BA34-788B8E022536}.Debug|Any CPU.Build.0 = Debug|Any CPU
		{51173297-32B7-473E-BA34-788B8E022536}.Debug|iPhone.ActiveCfg = Debug|Any CPU
		{51173297-32B7-473E-BA34-788B8E022536}.Debug|iPhone.Build.0 = Debug|Any CPU
		{51173297-32B7-473E-BA34-788B8E022536}.Debug|iPhoneSimulator.ActiveCfg = Debug|Any CPU
		{51173297-32B7-473E-BA34-788B8E022536}.Debug|iPhoneSimulator.Build.0 = Debug|Any CPU
		{51173297-32B7-473E-BA34-788B8E022536}.Release|Any CPU.ActiveCfg = Release|Any CPU
		{51173297-32B7-473E-BA34-788B8E022536}.Release|Any CPU.Build.0 = Release|Any CPU
		{51173297-32B7-473E-BA34-788B8E022536}.Release|iPhone.ActiveCfg = Release|Any CPU
		{51173297-32B7-473E-BA34-788B8E022536}.Release|iPhone.Build.0 = Release|Any CPU
		{51173297-32B7-473E-BA34-788B8E022536}.Release|iPhoneSimulator.ActiveCfg = Release|Any CPU
		{51173297-32B7-473E-BA34-788B8E022536}.Release|iPhoneSimulator.Build.0 = Release|Any CPU
		{4F2A89FC-EBD8-43F0-8C1E-4DDCEE0B5558}.Debug|Any CPU.ActiveCfg = Debug|Any CPU
		{4F2A89FC-EBD8-43F0-8C1E-4DDCEE0B5558}.Debug|Any CPU.Build.0 = Debug|Any CPU
		{4F2A89FC-EBD8-43F0-8C1E-4DDCEE0B5558}.Debug|iPhone.ActiveCfg = Debug|Any CPU
		{4F2A89FC-EBD8-43F0-8C1E-4DDCEE0B5558}.Debug|iPhone.Build.0 = Debug|Any CPU
		{4F2A89FC-EBD8-43F0-8C1E-4DDCEE0B5558}.Debug|iPhoneSimulator.ActiveCfg = Debug|Any CPU
		{4F2A89FC-EBD8-43F0-8C1E-4DDCEE0B5558}.Debug|iPhoneSimulator.Build.0 = Debug|Any CPU
		{4F2A89FC-EBD8-43F0-8C1E-4DDCEE0B5558}.Release|Any CPU.ActiveCfg = Release|Any CPU
		{4F2A89FC-EBD8-43F0-8C1E-4DDCEE0B5558}.Release|Any CPU.Build.0 = Release|Any CPU
		{4F2A89FC-EBD8-43F0-8C1E-4DDCEE0B5558}.Release|iPhone.ActiveCfg = Release|Any CPU
		{4F2A89FC-EBD8-43F0-8C1E-4DDCEE0B5558}.Release|iPhone.Build.0 = Release|Any CPU
		{4F2A89FC-EBD8-43F0-8C1E-4DDCEE0B5558}.Release|iPhoneSimulator.ActiveCfg = Release|Any CPU
		{4F2A89FC-EBD8-43F0-8C1E-4DDCEE0B5558}.Release|iPhoneSimulator.Build.0 = Release|Any CPU
		{C98290C5-6C90-4A36-A561-E96FF367727C}.Debug|Any CPU.ActiveCfg = Debug|Any CPU
		{C98290C5-6C90-4A36-A561-E96FF367727C}.Debug|Any CPU.Build.0 = Debug|Any CPU
		{C98290C5-6C90-4A36-A561-E96FF367727C}.Debug|iPhone.ActiveCfg = Debug|Any CPU
		{C98290C5-6C90-4A36-A561-E96FF367727C}.Debug|iPhone.Build.0 = Debug|Any CPU
		{C98290C5-6C90-4A36-A561-E96FF367727C}.Debug|iPhoneSimulator.ActiveCfg = Debug|Any CPU
		{C98290C5-6C90-4A36-A561-E96FF367727C}.Debug|iPhoneSimulator.Build.0 = Debug|Any CPU
		{C98290C5-6C90-4A36-A561-E96FF367727C}.Release|Any CPU.ActiveCfg = Release|Any CPU
		{C98290C5-6C90-4A36-A561-E96FF367727C}.Release|Any CPU.Build.0 = Release|Any CPU
		{C98290C5-6C90-4A36-A561-E96FF367727C}.Release|iPhone.ActiveCfg = Release|Any CPU
		{C98290C5-6C90-4A36-A561-E96FF367727C}.Release|iPhone.Build.0 = Release|Any CPU
		{C98290C5-6C90-4A36-A561-E96FF367727C}.Release|iPhoneSimulator.ActiveCfg = Release|Any CPU
		{C98290C5-6C90-4A36-A561-E96FF367727C}.Release|iPhoneSimulator.Build.0 = Release|Any CPU
		{9C1235D1-6695-4A82-9FC3-3CA3257E5D7C}.Debug|Any CPU.ActiveCfg = Debug|Any CPU
		{9C1235D1-6695-4A82-9FC3-3CA3257E5D7C}.Debug|Any CPU.Build.0 = Debug|Any CPU
		{9C1235D1-6695-4A82-9FC3-3CA3257E5D7C}.Debug|iPhone.ActiveCfg = Debug|Any CPU
		{9C1235D1-6695-4A82-9FC3-3CA3257E5D7C}.Debug|iPhone.Build.0 = Debug|Any CPU
		{9C1235D1-6695-4A82-9FC3-3CA3257E5D7C}.Debug|iPhoneSimulator.ActiveCfg = Debug|Any CPU
		{9C1235D1-6695-4A82-9FC3-3CA3257E5D7C}.Debug|iPhoneSimulator.Build.0 = Debug|Any CPU
		{9C1235D1-6695-4A82-9FC3-3CA3257E5D7C}.Release|Any CPU.ActiveCfg = Release|Any CPU
		{9C1235D1-6695-4A82-9FC3-3CA3257E5D7C}.Release|Any CPU.Build.0 = Release|Any CPU
		{9C1235D1-6695-4A82-9FC3-3CA3257E5D7C}.Release|iPhone.ActiveCfg = Release|Any CPU
		{9C1235D1-6695-4A82-9FC3-3CA3257E5D7C}.Release|iPhone.Build.0 = Release|Any CPU
		{9C1235D1-6695-4A82-9FC3-3CA3257E5D7C}.Release|iPhoneSimulator.ActiveCfg = Release|Any CPU
		{9C1235D1-6695-4A82-9FC3-3CA3257E5D7C}.Release|iPhoneSimulator.Build.0 = Release|Any CPU
		{9F7FD8F4-C4B2-4EB4-819B-0DAB95620C24}.Debug|Any CPU.ActiveCfg = Debug|Any CPU
		{9F7FD8F4-C4B2-4EB4-819B-0DAB95620C24}.Debug|Any CPU.Build.0 = Debug|Any CPU
		{9F7FD8F4-C4B2-4EB4-819B-0DAB95620C24}.Debug|iPhone.ActiveCfg = Debug|Any CPU
		{9F7FD8F4-C4B2-4EB4-819B-0DAB95620C24}.Debug|iPhone.Build.0 = Debug|Any CPU
		{9F7FD8F4-C4B2-4EB4-819B-0DAB95620C24}.Debug|iPhoneSimulator.ActiveCfg = Debug|Any CPU
		{9F7FD8F4-C4B2-4EB4-819B-0DAB95620C24}.Debug|iPhoneSimulator.Build.0 = Debug|Any CPU
		{9F7FD8F4-C4B2-4EB4-819B-0DAB95620C24}.Release|Any CPU.ActiveCfg = Release|Any CPU
		{9F7FD8F4-C4B2-4EB4-819B-0DAB95620C24}.Release|Any CPU.Build.0 = Release|Any CPU
		{9F7FD8F4-C4B2-4EB4-819B-0DAB95620C24}.Release|iPhone.ActiveCfg = Release|Any CPU
		{9F7FD8F4-C4B2-4EB4-819B-0DAB95620C24}.Release|iPhone.Build.0 = Release|Any CPU
		{9F7FD8F4-C4B2-4EB4-819B-0DAB95620C24}.Release|iPhoneSimulator.ActiveCfg = Release|Any CPU
		{9F7FD8F4-C4B2-4EB4-819B-0DAB95620C24}.Release|iPhoneSimulator.Build.0 = Release|Any CPU
		{31B84505-71FB-4D89-9840-EB0B33F5FB59}.Debug|Any CPU.ActiveCfg = Debug|Any CPU
		{31B84505-71FB-4D89-9840-EB0B33F5FB59}.Debug|Any CPU.Build.0 = Debug|Any CPU
		{31B84505-71FB-4D89-9840-EB0B33F5FB59}.Debug|iPhone.ActiveCfg = Debug|Any CPU
		{31B84505-71FB-4D89-9840-EB0B33F5FB59}.Debug|iPhone.Build.0 = Debug|Any CPU
		{31B84505-71FB-4D89-9840-EB0B33F5FB59}.Debug|iPhoneSimulator.ActiveCfg = Debug|Any CPU
		{31B84505-71FB-4D89-9840-EB0B33F5FB59}.Debug|iPhoneSimulator.Build.0 = Debug|Any CPU
		{31B84505-71FB-4D89-9840-EB0B33F5FB59}.Release|Any CPU.ActiveCfg = Release|Any CPU
		{31B84505-71FB-4D89-9840-EB0B33F5FB59}.Release|Any CPU.Build.0 = Release|Any CPU
		{31B84505-71FB-4D89-9840-EB0B33F5FB59}.Release|iPhone.ActiveCfg = Release|Any CPU
		{31B84505-71FB-4D89-9840-EB0B33F5FB59}.Release|iPhone.Build.0 = Release|Any CPU
		{31B84505-71FB-4D89-9840-EB0B33F5FB59}.Release|iPhoneSimulator.ActiveCfg = Release|Any CPU
		{31B84505-71FB-4D89-9840-EB0B33F5FB59}.Release|iPhoneSimulator.Build.0 = Release|Any CPU
		{37FFCA3B-6533-4262-8913-1E62EC0034CA}.Debug|Any CPU.ActiveCfg = Debug|Any CPU
		{37FFCA3B-6533-4262-8913-1E62EC0034CA}.Debug|Any CPU.Build.0 = Debug|Any CPU
		{37FFCA3B-6533-4262-8913-1E62EC0034CA}.Debug|iPhone.ActiveCfg = Debug|Any CPU
		{37FFCA3B-6533-4262-8913-1E62EC0034CA}.Debug|iPhone.Build.0 = Debug|Any CPU
		{37FFCA3B-6533-4262-8913-1E62EC0034CA}.Debug|iPhoneSimulator.ActiveCfg = Debug|Any CPU
		{37FFCA3B-6533-4262-8913-1E62EC0034CA}.Debug|iPhoneSimulator.Build.0 = Debug|Any CPU
		{37FFCA3B-6533-4262-8913-1E62EC0034CA}.Release|Any CPU.ActiveCfg = Release|Any CPU
		{37FFCA3B-6533-4262-8913-1E62EC0034CA}.Release|Any CPU.Build.0 = Release|Any CPU
		{37FFCA3B-6533-4262-8913-1E62EC0034CA}.Release|iPhone.ActiveCfg = Release|Any CPU
		{37FFCA3B-6533-4262-8913-1E62EC0034CA}.Release|iPhone.Build.0 = Release|Any CPU
		{37FFCA3B-6533-4262-8913-1E62EC0034CA}.Release|iPhoneSimulator.ActiveCfg = Release|Any CPU
		{37FFCA3B-6533-4262-8913-1E62EC0034CA}.Release|iPhoneSimulator.Build.0 = Release|Any CPU
		{26D026AD-762A-4EE9-AC1B-FCE1CF5767E9}.Debug|Any CPU.ActiveCfg = Debug|Any CPU
		{26D026AD-762A-4EE9-AC1B-FCE1CF5767E9}.Debug|Any CPU.Build.0 = Debug|Any CPU
		{26D026AD-762A-4EE9-AC1B-FCE1CF5767E9}.Debug|iPhone.ActiveCfg = Debug|Any CPU
		{26D026AD-762A-4EE9-AC1B-FCE1CF5767E9}.Debug|iPhone.Build.0 = Debug|Any CPU
		{26D026AD-762A-4EE9-AC1B-FCE1CF5767E9}.Debug|iPhoneSimulator.ActiveCfg = Debug|Any CPU
		{26D026AD-762A-4EE9-AC1B-FCE1CF5767E9}.Debug|iPhoneSimulator.Build.0 = Debug|Any CPU
		{26D026AD-762A-4EE9-AC1B-FCE1CF5767E9}.Release|Any CPU.ActiveCfg = Release|Any CPU
		{26D026AD-762A-4EE9-AC1B-FCE1CF5767E9}.Release|Any CPU.Build.0 = Release|Any CPU
		{26D026AD-762A-4EE9-AC1B-FCE1CF5767E9}.Release|iPhone.ActiveCfg = Release|Any CPU
		{26D026AD-762A-4EE9-AC1B-FCE1CF5767E9}.Release|iPhone.Build.0 = Release|Any CPU
		{26D026AD-762A-4EE9-AC1B-FCE1CF5767E9}.Release|iPhoneSimulator.ActiveCfg = Release|Any CPU
		{26D026AD-762A-4EE9-AC1B-FCE1CF5767E9}.Release|iPhoneSimulator.Build.0 = Release|Any CPU
		{63F0423C-9DD6-400D-A565-990F6152F543}.Debug|Any CPU.ActiveCfg = Debug|Any CPU
		{63F0423C-9DD6-400D-A565-990F6152F543}.Debug|Any CPU.Build.0 = Debug|Any CPU
		{63F0423C-9DD6-400D-A565-990F6152F543}.Debug|iPhone.ActiveCfg = Debug|Any CPU
		{63F0423C-9DD6-400D-A565-990F6152F543}.Debug|iPhone.Build.0 = Debug|Any CPU
		{63F0423C-9DD6-400D-A565-990F6152F543}.Debug|iPhoneSimulator.ActiveCfg = Debug|Any CPU
		{63F0423C-9DD6-400D-A565-990F6152F543}.Debug|iPhoneSimulator.Build.0 = Debug|Any CPU
		{63F0423C-9DD6-400D-A565-990F6152F543}.Release|Any CPU.ActiveCfg = Release|Any CPU
		{63F0423C-9DD6-400D-A565-990F6152F543}.Release|Any CPU.Build.0 = Release|Any CPU
		{63F0423C-9DD6-400D-A565-990F6152F543}.Release|iPhone.ActiveCfg = Release|Any CPU
		{63F0423C-9DD6-400D-A565-990F6152F543}.Release|iPhone.Build.0 = Release|Any CPU
		{63F0423C-9DD6-400D-A565-990F6152F543}.Release|iPhoneSimulator.ActiveCfg = Release|Any CPU
		{63F0423C-9DD6-400D-A565-990F6152F543}.Release|iPhoneSimulator.Build.0 = Release|Any CPU
		{E8AC646A-78C4-415B-B39B-17036C3BAD2D}.Debug|Any CPU.ActiveCfg = Debug|Any CPU
		{E8AC646A-78C4-415B-B39B-17036C3BAD2D}.Debug|Any CPU.Build.0 = Debug|Any CPU
		{E8AC646A-78C4-415B-B39B-17036C3BAD2D}.Debug|Any CPU.Deploy.0 = Debug|Any CPU
		{E8AC646A-78C4-415B-B39B-17036C3BAD2D}.Debug|iPhone.ActiveCfg = Debug|Any CPU
		{E8AC646A-78C4-415B-B39B-17036C3BAD2D}.Debug|iPhone.Build.0 = Debug|Any CPU
		{E8AC646A-78C4-415B-B39B-17036C3BAD2D}.Debug|iPhone.Deploy.0 = Debug|Any CPU
		{E8AC646A-78C4-415B-B39B-17036C3BAD2D}.Debug|iPhoneSimulator.ActiveCfg = Debug|Any CPU
		{E8AC646A-78C4-415B-B39B-17036C3BAD2D}.Debug|iPhoneSimulator.Build.0 = Debug|Any CPU
		{E8AC646A-78C4-415B-B39B-17036C3BAD2D}.Debug|iPhoneSimulator.Deploy.0 = Debug|Any CPU
		{E8AC646A-78C4-415B-B39B-17036C3BAD2D}.Release|Any CPU.ActiveCfg = Release|Any CPU
		{E8AC646A-78C4-415B-B39B-17036C3BAD2D}.Release|Any CPU.Build.0 = Release|Any CPU
		{E8AC646A-78C4-415B-B39B-17036C3BAD2D}.Release|Any CPU.Deploy.0 = Release|Any CPU
		{E8AC646A-78C4-415B-B39B-17036C3BAD2D}.Release|iPhone.ActiveCfg = Release|Any CPU
		{E8AC646A-78C4-415B-B39B-17036C3BAD2D}.Release|iPhone.Build.0 = Release|Any CPU
		{E8AC646A-78C4-415B-B39B-17036C3BAD2D}.Release|iPhone.Deploy.0 = Release|Any CPU
		{E8AC646A-78C4-415B-B39B-17036C3BAD2D}.Release|iPhoneSimulator.ActiveCfg = Release|Any CPU
		{E8AC646A-78C4-415B-B39B-17036C3BAD2D}.Release|iPhoneSimulator.Build.0 = Release|Any CPU
		{E8AC646A-78C4-415B-B39B-17036C3BAD2D}.Release|iPhoneSimulator.Deploy.0 = Release|Any CPU
		{2E109699-22DE-4648-BA7C-15D47724A4C9}.Debug|Any CPU.ActiveCfg = Debug|iPhone
		{2E109699-22DE-4648-BA7C-15D47724A4C9}.Debug|iPhone.ActiveCfg = Debug|iPhone
		{2E109699-22DE-4648-BA7C-15D47724A4C9}.Debug|iPhone.Build.0 = Debug|iPhone
		{2E109699-22DE-4648-BA7C-15D47724A4C9}.Debug|iPhoneSimulator.ActiveCfg = Debug|iPhoneSimulator
		{2E109699-22DE-4648-BA7C-15D47724A4C9}.Debug|iPhoneSimulator.Build.0 = Debug|iPhoneSimulator
		{2E109699-22DE-4648-BA7C-15D47724A4C9}.Release|Any CPU.ActiveCfg = Release|iPhone
		{2E109699-22DE-4648-BA7C-15D47724A4C9}.Release|iPhone.ActiveCfg = Release|iPhone
		{2E109699-22DE-4648-BA7C-15D47724A4C9}.Release|iPhone.Build.0 = Release|iPhone
		{2E109699-22DE-4648-BA7C-15D47724A4C9}.Release|iPhoneSimulator.ActiveCfg = Release|iPhoneSimulator
		{2E109699-22DE-4648-BA7C-15D47724A4C9}.Release|iPhoneSimulator.Build.0 = Release|iPhoneSimulator
		{37C844B8-29C8-40FF-A95B-BDC63990B74C}.Debug|Any CPU.ActiveCfg = Debug|Any CPU
		{37C844B8-29C8-40FF-A95B-BDC63990B74C}.Debug|Any CPU.Build.0 = Debug|Any CPU
		{37C844B8-29C8-40FF-A95B-BDC63990B74C}.Debug|iPhone.ActiveCfg = Debug|Any CPU
		{37C844B8-29C8-40FF-A95B-BDC63990B74C}.Debug|iPhone.Build.0 = Debug|Any CPU
		{37C844B8-29C8-40FF-A95B-BDC63990B74C}.Debug|iPhoneSimulator.ActiveCfg = Debug|Any CPU
		{37C844B8-29C8-40FF-A95B-BDC63990B74C}.Debug|iPhoneSimulator.Build.0 = Debug|Any CPU
		{37C844B8-29C8-40FF-A95B-BDC63990B74C}.Release|Any CPU.ActiveCfg = Release|Any CPU
		{37C844B8-29C8-40FF-A95B-BDC63990B74C}.Release|Any CPU.Build.0 = Release|Any CPU
		{37C844B8-29C8-40FF-A95B-BDC63990B74C}.Release|iPhone.ActiveCfg = Release|Any CPU
		{37C844B8-29C8-40FF-A95B-BDC63990B74C}.Release|iPhone.Build.0 = Release|Any CPU
		{37C844B8-29C8-40FF-A95B-BDC63990B74C}.Release|iPhoneSimulator.ActiveCfg = Release|Any CPU
		{37C844B8-29C8-40FF-A95B-BDC63990B74C}.Release|iPhoneSimulator.Build.0 = Release|Any CPU
	EndGlobalSection
	GlobalSection(SolutionProperties) = preSolution
		HideSolutionNode = FALSE
	EndGlobalSection
	GlobalSection(NestedProjects) = preSolution
		{4F2A89FC-EBD8-43F0-8C1E-4DDCEE0B5558} = {E5536454-D05F-4C5B-92E5-AB44091503DA}
		{C98290C5-6C90-4A36-A561-E96FF367727C} = {50D398DD-1384-4FF3-9415-E46F5DC2E79F}
		{50D398DD-1384-4FF3-9415-E46F5DC2E79F} = {2902FDFD-016E-4BF7-8B41-53D674FA53DD}
		{9C1235D1-6695-4A82-9FC3-3CA3257E5D7C} = {50D398DD-1384-4FF3-9415-E46F5DC2E79F}
		{9F7FD8F4-C4B2-4EB4-819B-0DAB95620C24} = {2902FDFD-016E-4BF7-8B41-53D674FA53DD}
		{31B84505-71FB-4D89-9840-EB0B33F5FB59} = {2902FDFD-016E-4BF7-8B41-53D674FA53DD}
		{37FFCA3B-6533-4262-8913-1E62EC0034CA} = {2902FDFD-016E-4BF7-8B41-53D674FA53DD}
		{26D026AD-762A-4EE9-AC1B-FCE1CF5767E9} = {50D398DD-1384-4FF3-9415-E46F5DC2E79F}
		{63F0423C-9DD6-400D-A565-990F6152F543} = {E564510A-068C-419F-9534-5FC9B23D7E34}
		{E564510A-068C-419F-9534-5FC9B23D7E34} = {B1E581CB-F184-4A07-A76F-5E52AF9FEA5C}
		{24674478-7B49-4A30-B590-2FE45F0ABFC8} = {B1E581CB-F184-4A07-A76F-5E52AF9FEA5C}
		{E8AC646A-78C4-415B-B39B-17036C3BAD2D} = {24674478-7B49-4A30-B590-2FE45F0ABFC8}
		{2E109699-22DE-4648-BA7C-15D47724A4C9} = {24674478-7B49-4A30-B590-2FE45F0ABFC8}
		{37C844B8-29C8-40FF-A95B-BDC63990B74C} = {24674478-7B49-4A30-B590-2FE45F0ABFC8}
	EndGlobalSection
	GlobalSection(ExtensibilityGlobals) = postSolution
		SolutionGuid = {16FA64C2-4A0E-42D4-94E6-C8CFDE84597E}
	EndGlobalSection
EndGlobal
