
Microsoft Visual Studio Solution File, Format Version 12.00
# Visual Studio Version 16
VisualStudioVersion = 16.0.28606.126
MinimumVisualStudioVersion = 10.0.40219.1
Project("{9A19103F-16F7-4668-BE54-9A1E7A4F7556}") = "Core.State", "source\Core.State\Core.State.csproj", "{DF355720-EA1E-4505-AE68-1D36BD0D4711}"
EndProject
Project("{2150E333-8FDC-42A3-9474-1A3956D46DE8}") = "Samples", "Samples", "{437186AC-1CB6-4FE4-8C36-0C2F135021C9}"
EndProject
Project("{9A19103F-16F7-4668-BE54-9A1E7A4F7556}") = "Core.State.Js", "source\Core.State.Js\Core.State.Js.csproj", "{51173297-32B7-473E-BA34-788B8E022536}"
EndProject
Project("{2150E333-8FDC-42A3-9474-1A3956D46DE8}") = "Tests", "Tests", "{2902FDFD-016E-4BF7-8B41-53D674FA53DD}"
EndProject
Project("{2150E333-8FDC-42A3-9474-1A3956D46DE8}") = "CoreStateSample", "CoreStateSample", "{A1FF1F5B-51D4-460E-83A2-D84ECA3CC44E}"
EndProject
Project("{2150E333-8FDC-42A3-9474-1A3956D46DE8}") = "Tools", "Tools", "{E5536454-D05F-4C5B-92E5-AB44091503DA}"
EndProject
Project("{9A19103F-16F7-4668-BE54-9A1E7A4F7556}") = "Tools", "Tools\Source\Tools.csproj", "{4F2A89FC-EBD8-43F0-8C1E-4DDCEE0B5558}"
EndProject
Project("{9A19103F-16F7-4668-BE54-9A1E7A4F7556}") = "TestApp.Client", "Tests\TestApp\Client\TestApp.Client.csproj", "{C98290C5-6C90-4A36-A561-E96FF367727C}"
EndProject
Project("{2150E333-8FDC-42A3-9474-1A3956D46DE8}") = "TestApp", "TestApp", "{50D398DD-1384-4FF3-9415-E46F5DC2E79F}"
EndProject
Project("{9A19103F-16F7-4668-BE54-9A1E7A4F7556}") = "TestApp.Api", "Tests\TestApp\Api\TestApp.Api.csproj", "{9C1235D1-6695-4A82-9FC3-3CA3257E5D7C}"
EndProject
Project("{9A19103F-16F7-4668-BE54-9A1E7A4F7556}") = "TestApp.Client.Integration.Tests", "Tests\Client.Integration.Tests\TestApp.Client.Integration.Tests.csproj", "{9F7FD8F4-C4B2-4EB4-819B-0DAB95620C24}"
EndProject
Project("{9A19103F-16F7-4668-BE54-9A1E7A4F7556}") = "TestApp.EndToEnd.Selenium.Tests", "Tests\EndToEnd.Selenium.Tests\TestApp.EndToEnd.Selenium.Tests.csproj", "{31B84505-71FB-4D89-9840-EB0B33F5FB59}"
EndProject
Project("{9A19103F-16F7-4668-BE54-9A1E7A4F7556}") = "TestApp.Server.Integration.Tests", "Tests\Server.Integration.Tests\TestApp.Server.Integration.Tests.csproj", "{37FFCA3B-6533-4262-8913-1E62EC0034CA}"
EndProject
Project("{9A19103F-16F7-4668-BE54-9A1E7A4F7556}") = "TestApp.Server", "Tests\TestApp\Server\TestApp.Server.csproj", "{26D026AD-762A-4EE9-AC1B-FCE1CF5767E9}"
EndProject
Project("{9A19103F-16F7-4668-BE54-9A1E7A4F7556}") = "TestApp.EndToEnd.TestCafe.Tests", "Tests\EndToEnd.TestCafe.Tests\TestApp.EndToEnd.TestCafe.Tests.csproj", "{1F8DBDA6-780A-414E-8517-E96A1B9536E1}"
EndProject
Project("{2150E333-8FDC-42A3-9474-1A3956D46DE8}") = "XamarinTestApp", "XamarinTestApp", "{265C0307-6ED9-43DF-877D-8EAFC099A3CF}"
EndProject
Project("{FAE04EC0-301F-11D3-BF4B-00C04F79EFBC}") = "XamarinTestApp.Android", "Tests\XamarinTestApp\XamarinTestApp.Android\XamarinTestApp.Android.csproj", "{C134172C-DAA7-40AA-BBFF-A42F5F5CDFBD}"
EndProject
Project("{FAE04EC0-301F-11D3-BF4B-00C04F79EFBC}") = "XamarinTestApp.iOS", "Tests\XamarinTestApp\XamarinTestApp.iOS\XamarinTestApp.iOS.csproj", "{FB86C723-5D70-4715-B4D3-425976035AC1}"
EndProject
Project("{9A19103F-16F7-4668-BE54-9A1E7A4F7556}") = "XamarinTestApp", "Tests\XamarinTestApp\XamarinTestApp\XamarinTestApp.csproj", "{8ADF1A1C-BC90-420D-B505-66BBBDA91A30}"
EndProject
Global
	GlobalSection(SolutionConfigurationPlatforms) = preSolution
		Debug|Any CPU = Debug|Any CPU
		Debug|iPhone = Debug|iPhone
		Debug|iPhoneSimulator = Debug|iPhoneSimulator
		Release|Any CPU = Release|Any CPU
		Release|iPhone = Release|iPhone
		Release|iPhoneSimulator = Release|iPhoneSimulator
	EndGlobalSection
	GlobalSection(ProjectConfigurationPlatforms) = postSolution
		{DF355720-EA1E-4505-AE68-1D36BD0D4711}.Debug|Any CPU.ActiveCfg = Debug|Any CPU
		{DF355720-EA1E-4505-AE68-1D36BD0D4711}.Debug|Any CPU.Build.0 = Debug|Any CPU
		{DF355720-EA1E-4505-AE68-1D36BD0D4711}.Debug|iPhone.ActiveCfg = Debug|Any CPU
		{DF355720-EA1E-4505-AE68-1D36BD0D4711}.Debug|iPhone.Build.0 = Debug|Any CPU
		{DF355720-EA1E-4505-AE68-1D36BD0D4711}.Debug|iPhoneSimulator.ActiveCfg = Debug|Any CPU
		{DF355720-EA1E-4505-AE68-1D36BD0D4711}.Debug|iPhoneSimulator.Build.0 = Debug|Any CPU
		{DF355720-EA1E-4505-AE68-1D36BD0D4711}.Release|Any CPU.ActiveCfg = Release|Any CPU
		{DF355720-EA1E-4505-AE68-1D36BD0D4711}.Release|Any CPU.Build.0 = Release|Any CPU
		{DF355720-EA1E-4505-AE68-1D36BD0D4711}.Release|iPhone.ActiveCfg = Release|Any CPU
		{DF355720-EA1E-4505-AE68-1D36BD0D4711}.Release|iPhone.Build.0 = Release|Any CPU
		{DF355720-EA1E-4505-AE68-1D36BD0D4711}.Release|iPhoneSimulator.ActiveCfg = Release|Any CPU
		{DF355720-EA1E-4505-AE68-1D36BD0D4711}.Release|iPhoneSimulator.Build.0 = Release|Any CPU
		{51173297-32B7-473E-BA34-788B8E022536}.Debug|Any CPU.ActiveCfg = Debug|Any CPU
		{51173297-32B7-473E-BA34-788B8E022536}.Debug|Any CPU.Build.0 = Debug|Any CPU
		{51173297-32B7-473E-BA34-788B8E022536}.Debug|iPhone.ActiveCfg = Debug|Any CPU
		{51173297-32B7-473E-BA34-788B8E022536}.Debug|iPhone.Build.0 = Debug|Any CPU
		{51173297-32B7-473E-BA34-788B8E022536}.Debug|iPhoneSimulator.ActiveCfg = Debug|Any CPU
		{51173297-32B7-473E-BA34-788B8E022536}.Debug|iPhoneSimulator.Build.0 = Debug|Any CPU
		{51173297-32B7-473E-BA34-788B8E022536}.Release|Any CPU.ActiveCfg = Release|Any CPU
		{51173297-32B7-473E-BA34-788B8E022536}.Release|Any CPU.Build.0 = Release|Any CPU
		{51173297-32B7-473E-BA34-788B8E022536}.Release|iPhone.ActiveCfg = Release|Any CPU
		{51173297-32B7-473E-BA34-788B8E022536}.Release|iPhone.Build.0 = Release|Any CPU
		{51173297-32B7-473E-BA34-788B8E022536}.Release|iPhoneSimulator.ActiveCfg = Release|Any CPU
		{51173297-32B7-473E-BA34-788B8E022536}.Release|iPhoneSimulator.Build.0 = Release|Any CPU
		{4F2A89FC-EBD8-43F0-8C1E-4DDCEE0B5558}.Debug|Any CPU.ActiveCfg = Debug|Any CPU
		{4F2A89FC-EBD8-43F0-8C1E-4DDCEE0B5558}.Debug|Any CPU.Build.0 = Debug|Any CPU
		{4F2A89FC-EBD8-43F0-8C1E-4DDCEE0B5558}.Debug|iPhone.ActiveCfg = Debug|Any CPU
		{4F2A89FC-EBD8-43F0-8C1E-4DDCEE0B5558}.Debug|iPhone.Build.0 = Debug|Any CPU
		{4F2A89FC-EBD8-43F0-8C1E-4DDCEE0B5558}.Debug|iPhoneSimulator.ActiveCfg = Debug|Any CPU
		{4F2A89FC-EBD8-43F0-8C1E-4DDCEE0B5558}.Debug|iPhoneSimulator.Build.0 = Debug|Any CPU
		{4F2A89FC-EBD8-43F0-8C1E-4DDCEE0B5558}.Release|Any CPU.ActiveCfg = Release|Any CPU
		{4F2A89FC-EBD8-43F0-8C1E-4DDCEE0B5558}.Release|Any CPU.Build.0 = Release|Any CPU
		{4F2A89FC-EBD8-43F0-8C1E-4DDCEE0B5558}.Release|iPhone.ActiveCfg = Release|Any CPU
		{4F2A89FC-EBD8-43F0-8C1E-4DDCEE0B5558}.Release|iPhone.Build.0 = Release|Any CPU
		{4F2A89FC-EBD8-43F0-8C1E-4DDCEE0B5558}.Release|iPhoneSimulator.ActiveCfg = Release|Any CPU
		{4F2A89FC-EBD8-43F0-8C1E-4DDCEE0B5558}.Release|iPhoneSimulator.Build.0 = Release|Any CPU
		{C98290C5-6C90-4A36-A561-E96FF367727C}.Debug|Any CPU.ActiveCfg = Debug|Any CPU
		{C98290C5-6C90-4A36-A561-E96FF367727C}.Debug|Any CPU.Build.0 = Debug|Any CPU
		{C98290C5-6C90-4A36-A561-E96FF367727C}.Debug|iPhone.ActiveCfg = Debug|Any CPU
		{C98290C5-6C90-4A36-A561-E96FF367727C}.Debug|iPhone.Build.0 = Debug|Any CPU
		{C98290C5-6C90-4A36-A561-E96FF367727C}.Debug|iPhoneSimulator.ActiveCfg = Debug|Any CPU
		{C98290C5-6C90-4A36-A561-E96FF367727C}.Debug|iPhoneSimulator.Build.0 = Debug|Any CPU
		{C98290C5-6C90-4A36-A561-E96FF367727C}.Release|Any CPU.ActiveCfg = Release|Any CPU
		{C98290C5-6C90-4A36-A561-E96FF367727C}.Release|Any CPU.Build.0 = Release|Any CPU
		{C98290C5-6C90-4A36-A561-E96FF367727C}.Release|iPhone.ActiveCfg = Release|Any CPU
		{C98290C5-6C90-4A36-A561-E96FF367727C}.Release|iPhone.Build.0 = Release|Any CPU
		{C98290C5-6C90-4A36-A561-E96FF367727C}.Release|iPhoneSimulator.ActiveCfg = Release|Any CPU
		{C98290C5-6C90-4A36-A561-E96FF367727C}.Release|iPhoneSimulator.Build.0 = Release|Any CPU
		{9C1235D1-6695-4A82-9FC3-3CA3257E5D7C}.Debug|Any CPU.ActiveCfg = Debug|Any CPU
		{9C1235D1-6695-4A82-9FC3-3CA3257E5D7C}.Debug|Any CPU.Build.0 = Debug|Any CPU
		{9C1235D1-6695-4A82-9FC3-3CA3257E5D7C}.Debug|iPhone.ActiveCfg = Debug|Any CPU
		{9C1235D1-6695-4A82-9FC3-3CA3257E5D7C}.Debug|iPhone.Build.0 = Debug|Any CPU
		{9C1235D1-6695-4A82-9FC3-3CA3257E5D7C}.Debug|iPhoneSimulator.ActiveCfg = Debug|Any CPU
		{9C1235D1-6695-4A82-9FC3-3CA3257E5D7C}.Debug|iPhoneSimulator.Build.0 = Debug|Any CPU
		{9C1235D1-6695-4A82-9FC3-3CA3257E5D7C}.Release|Any CPU.ActiveCfg = Release|Any CPU
		{9C1235D1-6695-4A82-9FC3-3CA3257E5D7C}.Release|Any CPU.Build.0 = Release|Any CPU
		{9C1235D1-6695-4A82-9FC3-3CA3257E5D7C}.Release|iPhone.ActiveCfg = Release|Any CPU
		{9C1235D1-6695-4A82-9FC3-3CA3257E5D7C}.Release|iPhone.Build.0 = Release|Any CPU
		{9C1235D1-6695-4A82-9FC3-3CA3257E5D7C}.Release|iPhoneSimulator.ActiveCfg = Release|Any CPU
		{9C1235D1-6695-4A82-9FC3-3CA3257E5D7C}.Release|iPhoneSimulator.Build.0 = Release|Any CPU
		{9F7FD8F4-C4B2-4EB4-819B-0DAB95620C24}.Debug|Any CPU.ActiveCfg = Debug|Any CPU
		{9F7FD8F4-C4B2-4EB4-819B-0DAB95620C24}.Debug|Any CPU.Build.0 = Debug|Any CPU
		{9F7FD8F4-C4B2-4EB4-819B-0DAB95620C24}.Debug|iPhone.ActiveCfg = Debug|Any CPU
		{9F7FD8F4-C4B2-4EB4-819B-0DAB95620C24}.Debug|iPhone.Build.0 = Debug|Any CPU
		{9F7FD8F4-C4B2-4EB4-819B-0DAB95620C24}.Debug|iPhoneSimulator.ActiveCfg = Debug|Any CPU
		{9F7FD8F4-C4B2-4EB4-819B-0DAB95620C24}.Debug|iPhoneSimulator.Build.0 = Debug|Any CPU
		{9F7FD8F4-C4B2-4EB4-819B-0DAB95620C24}.Release|Any CPU.ActiveCfg = Release|Any CPU
		{9F7FD8F4-C4B2-4EB4-819B-0DAB95620C24}.Release|Any CPU.Build.0 = Release|Any CPU
		{9F7FD8F4-C4B2-4EB4-819B-0DAB95620C24}.Release|iPhone.ActiveCfg = Release|Any CPU
		{9F7FD8F4-C4B2-4EB4-819B-0DAB95620C24}.Release|iPhone.Build.0 = Release|Any CPU
		{9F7FD8F4-C4B2-4EB4-819B-0DAB95620C24}.Release|iPhoneSimulator.ActiveCfg = Release|Any CPU
		{9F7FD8F4-C4B2-4EB4-819B-0DAB95620C24}.Release|iPhoneSimulator.Build.0 = Release|Any CPU
		{31B84505-71FB-4D89-9840-EB0B33F5FB59}.Debug|Any CPU.ActiveCfg = Debug|Any CPU
		{31B84505-71FB-4D89-9840-EB0B33F5FB59}.Debug|Any CPU.Build.0 = Debug|Any CPU
		{31B84505-71FB-4D89-9840-EB0B33F5FB59}.Debug|iPhone.ActiveCfg = Debug|Any CPU
		{31B84505-71FB-4D89-9840-EB0B33F5FB59}.Debug|iPhone.Build.0 = Debug|Any CPU
		{31B84505-71FB-4D89-9840-EB0B33F5FB59}.Debug|iPhoneSimulator.ActiveCfg = Debug|Any CPU
		{31B84505-71FB-4D89-9840-EB0B33F5FB59}.Debug|iPhoneSimulator.Build.0 = Debug|Any CPU
		{31B84505-71FB-4D89-9840-EB0B33F5FB59}.Release|Any CPU.ActiveCfg = Release|Any CPU
		{31B84505-71FB-4D89-9840-EB0B33F5FB59}.Release|Any CPU.Build.0 = Release|Any CPU
		{31B84505-71FB-4D89-9840-EB0B33F5FB59}.Release|iPhone.ActiveCfg = Release|Any CPU
		{31B84505-71FB-4D89-9840-EB0B33F5FB59}.Release|iPhone.Build.0 = Release|Any CPU
		{31B84505-71FB-4D89-9840-EB0B33F5FB59}.Release|iPhoneSimulator.ActiveCfg = Release|Any CPU
		{31B84505-71FB-4D89-9840-EB0B33F5FB59}.Release|iPhoneSimulator.Build.0 = Release|Any CPU
		{37FFCA3B-6533-4262-8913-1E62EC0034CA}.Debug|Any CPU.ActiveCfg = Debug|Any CPU
		{37FFCA3B-6533-4262-8913-1E62EC0034CA}.Debug|Any CPU.Build.0 = Debug|Any CPU
		{37FFCA3B-6533-4262-8913-1E62EC0034CA}.Debug|iPhone.ActiveCfg = Debug|Any CPU
		{37FFCA3B-6533-4262-8913-1E62EC0034CA}.Debug|iPhone.Build.0 = Debug|Any CPU
		{37FFCA3B-6533-4262-8913-1E62EC0034CA}.Debug|iPhoneSimulator.ActiveCfg = Debug|Any CPU
		{37FFCA3B-6533-4262-8913-1E62EC0034CA}.Debug|iPhoneSimulator.Build.0 = Debug|Any CPU
		{37FFCA3B-6533-4262-8913-1E62EC0034CA}.Release|Any CPU.ActiveCfg = Release|Any CPU
		{37FFCA3B-6533-4262-8913-1E62EC0034CA}.Release|Any CPU.Build.0 = Release|Any CPU
		{37FFCA3B-6533-4262-8913-1E62EC0034CA}.Release|iPhone.ActiveCfg = Release|Any CPU
		{37FFCA3B-6533-4262-8913-1E62EC0034CA}.Release|iPhone.Build.0 = Release|Any CPU
		{37FFCA3B-6533-4262-8913-1E62EC0034CA}.Release|iPhoneSimulator.ActiveCfg = Release|Any CPU
		{37FFCA3B-6533-4262-8913-1E62EC0034CA}.Release|iPhoneSimulator.Build.0 = Release|Any CPU
		{26D026AD-762A-4EE9-AC1B-FCE1CF5767E9}.Debug|Any CPU.ActiveCfg = Debug|Any CPU
		{26D026AD-762A-4EE9-AC1B-FCE1CF5767E9}.Debug|Any CPU.Build.0 = Debug|Any CPU
		{26D026AD-762A-4EE9-AC1B-FCE1CF5767E9}.Debug|iPhone.ActiveCfg = Debug|Any CPU
		{26D026AD-762A-4EE9-AC1B-FCE1CF5767E9}.Debug|iPhone.Build.0 = Debug|Any CPU
		{26D026AD-762A-4EE9-AC1B-FCE1CF5767E9}.Debug|iPhoneSimulator.ActiveCfg = Debug|Any CPU
		{26D026AD-762A-4EE9-AC1B-FCE1CF5767E9}.Debug|iPhoneSimulator.Build.0 = Debug|Any CPU
		{26D026AD-762A-4EE9-AC1B-FCE1CF5767E9}.Release|Any CPU.ActiveCfg = Release|Any CPU
		{26D026AD-762A-4EE9-AC1B-FCE1CF5767E9}.Release|Any CPU.Build.0 = Release|Any CPU
		{26D026AD-762A-4EE9-AC1B-FCE1CF5767E9}.Release|iPhone.ActiveCfg = Release|Any CPU
		{26D026AD-762A-4EE9-AC1B-FCE1CF5767E9}.Release|iPhone.Build.0 = Release|Any CPU
		{26D026AD-762A-4EE9-AC1B-FCE1CF5767E9}.Release|iPhoneSimulator.ActiveCfg = Release|Any CPU
		{26D026AD-762A-4EE9-AC1B-FCE1CF5767E9}.Release|iPhoneSimulator.Build.0 = Release|Any CPU
		{1F8DBDA6-780A-414E-8517-E96A1B9536E1}.Debug|Any CPU.ActiveCfg = Debug|Any CPU
		{1F8DBDA6-780A-414E-8517-E96A1B9536E1}.Debug|Any CPU.Build.0 = Debug|Any CPU
		{1F8DBDA6-780A-414E-8517-E96A1B9536E1}.Debug|iPhone.ActiveCfg = Debug|Any CPU
		{1F8DBDA6-780A-414E-8517-E96A1B9536E1}.Debug|iPhone.Build.0 = Debug|Any CPU
		{1F8DBDA6-780A-414E-8517-E96A1B9536E1}.Debug|iPhoneSimulator.ActiveCfg = Debug|Any CPU
		{1F8DBDA6-780A-414E-8517-E96A1B9536E1}.Debug|iPhoneSimulator.Build.0 = Debug|Any CPU
		{1F8DBDA6-780A-414E-8517-E96A1B9536E1}.Release|Any CPU.ActiveCfg = Release|Any CPU
		{1F8DBDA6-780A-414E-8517-E96A1B9536E1}.Release|Any CPU.Build.0 = Release|Any CPU
		{1F8DBDA6-780A-414E-8517-E96A1B9536E1}.Release|iPhone.ActiveCfg = Release|Any CPU
		{1F8DBDA6-780A-414E-8517-E96A1B9536E1}.Release|iPhone.Build.0 = Release|Any CPU
		{1F8DBDA6-780A-414E-8517-E96A1B9536E1}.Release|iPhoneSimulator.ActiveCfg = Release|Any CPU
		{1F8DBDA6-780A-414E-8517-E96A1B9536E1}.Release|iPhoneSimulator.Build.0 = Release|Any CPU
		{C134172C-DAA7-40AA-BBFF-A42F5F5CDFBD}.Debug|Any CPU.ActiveCfg = Debug|Any CPU
		{C134172C-DAA7-40AA-BBFF-A42F5F5CDFBD}.Debug|Any CPU.Build.0 = Debug|Any CPU
		{C134172C-DAA7-40AA-BBFF-A42F5F5CDFBD}.Debug|iPhone.ActiveCfg = Debug|Any CPU
		{C134172C-DAA7-40AA-BBFF-A42F5F5CDFBD}.Debug|iPhone.Build.0 = Debug|Any CPU
		{C134172C-DAA7-40AA-BBFF-A42F5F5CDFBD}.Debug|iPhoneSimulator.ActiveCfg = Debug|Any CPU
		{C134172C-DAA7-40AA-BBFF-A42F5F5CDFBD}.Debug|iPhoneSimulator.Build.0 = Debug|Any CPU
		{C134172C-DAA7-40AA-BBFF-A42F5F5CDFBD}.Release|Any CPU.ActiveCfg = Release|Any CPU
		{C134172C-DAA7-40AA-BBFF-A42F5F5CDFBD}.Release|Any CPU.Build.0 = Release|Any CPU
		{C134172C-DAA7-40AA-BBFF-A42F5F5CDFBD}.Release|iPhone.ActiveCfg = Release|Any CPU
		{C134172C-DAA7-40AA-BBFF-A42F5F5CDFBD}.Release|iPhone.Build.0 = Release|Any CPU
		{C134172C-DAA7-40AA-BBFF-A42F5F5CDFBD}.Release|iPhoneSimulator.ActiveCfg = Release|Any CPU
		{C134172C-DAA7-40AA-BBFF-A42F5F5CDFBD}.Release|iPhoneSimulator.Build.0 = Release|Any CPU
		{FB86C723-5D70-4715-B4D3-425976035AC1}.Debug|Any CPU.ActiveCfg = Debug|iPhoneSimulator
		{FB86C723-5D70-4715-B4D3-425976035AC1}.Debug|Any CPU.Build.0 = Debug|iPhoneSimulator
		{FB86C723-5D70-4715-B4D3-425976035AC1}.Debug|iPhone.ActiveCfg = Debug|iPhone
		{FB86C723-5D70-4715-B4D3-425976035AC1}.Debug|iPhone.Build.0 = Debug|iPhone
		{FB86C723-5D70-4715-B4D3-425976035AC1}.Debug|iPhoneSimulator.ActiveCfg = Debug|iPhoneSimulator
		{FB86C723-5D70-4715-B4D3-425976035AC1}.Debug|iPhoneSimulator.Build.0 = Debug|iPhoneSimulator
		{FB86C723-5D70-4715-B4D3-425976035AC1}.Release|Any CPU.ActiveCfg = Release|iPhoneSimulator
		{FB86C723-5D70-4715-B4D3-425976035AC1}.Release|Any CPU.Build.0 = Release|iPhoneSimulator
		{FB86C723-5D70-4715-B4D3-425976035AC1}.Release|iPhone.ActiveCfg = Release|iPhone
		{FB86C723-5D70-4715-B4D3-425976035AC1}.Release|iPhone.Build.0 = Release|iPhone
		{FB86C723-5D70-4715-B4D3-425976035AC1}.Release|iPhoneSimulator.ActiveCfg = Release|iPhoneSimulator
		{FB86C723-5D70-4715-B4D3-425976035AC1}.Release|iPhoneSimulator.Build.0 = Release|iPhoneSimulator
		{8ADF1A1C-BC90-420D-B505-66BBBDA91A30}.Debug|Any CPU.ActiveCfg = Debug|Any CPU
		{8ADF1A1C-BC90-420D-B505-66BBBDA91A30}.Debug|Any CPU.Build.0 = Debug|Any CPU
		{8ADF1A1C-BC90-420D-B505-66BBBDA91A30}.Debug|iPhone.ActiveCfg = Debug|Any CPU
		{8ADF1A1C-BC90-420D-B505-66BBBDA91A30}.Debug|iPhone.Build.0 = Debug|Any CPU
		{8ADF1A1C-BC90-420D-B505-66BBBDA91A30}.Debug|iPhoneSimulator.ActiveCfg = Debug|Any CPU
		{8ADF1A1C-BC90-420D-B505-66BBBDA91A30}.Debug|iPhoneSimulator.Build.0 = Debug|Any CPU
		{8ADF1A1C-BC90-420D-B505-66BBBDA91A30}.Release|Any CPU.ActiveCfg = Release|Any CPU
		{8ADF1A1C-BC90-420D-B505-66BBBDA91A30}.Release|Any CPU.Build.0 = Release|Any CPU
		{8ADF1A1C-BC90-420D-B505-66BBBDA91A30}.Release|iPhone.ActiveCfg = Release|Any CPU
		{8ADF1A1C-BC90-420D-B505-66BBBDA91A30}.Release|iPhone.Build.0 = Release|Any CPU
		{8ADF1A1C-BC90-420D-B505-66BBBDA91A30}.Release|iPhoneSimulator.ActiveCfg = Release|Any CPU
		{8ADF1A1C-BC90-420D-B505-66BBBDA91A30}.Release|iPhoneSimulator.Build.0 = Release|Any CPU
	EndGlobalSection
	GlobalSection(SolutionProperties) = preSolution
		HideSolutionNode = FALSE
	EndGlobalSection
	GlobalSection(NestedProjects) = preSolution
		{A1FF1F5B-51D4-460E-83A2-D84ECA3CC44E} = {437186AC-1CB6-4FE4-8C36-0C2F135021C9}
		{4F2A89FC-EBD8-43F0-8C1E-4DDCEE0B5558} = {E5536454-D05F-4C5B-92E5-AB44091503DA}
		{C98290C5-6C90-4A36-A561-E96FF367727C} = {50D398DD-1384-4FF3-9415-E46F5DC2E79F}
		{50D398DD-1384-4FF3-9415-E46F5DC2E79F} = {2902FDFD-016E-4BF7-8B41-53D674FA53DD}
		{9C1235D1-6695-4A82-9FC3-3CA3257E5D7C} = {50D398DD-1384-4FF3-9415-E46F5DC2E79F}
		{9F7FD8F4-C4B2-4EB4-819B-0DAB95620C24} = {2902FDFD-016E-4BF7-8B41-53D674FA53DD}
		{31B84505-71FB-4D89-9840-EB0B33F5FB59} = {2902FDFD-016E-4BF7-8B41-53D674FA53DD}
		{37FFCA3B-6533-4262-8913-1E62EC0034CA} = {2902FDFD-016E-4BF7-8B41-53D674FA53DD}
		{26D026AD-762A-4EE9-AC1B-FCE1CF5767E9} = {50D398DD-1384-4FF3-9415-E46F5DC2E79F}
		{1F8DBDA6-780A-414E-8517-E96A1B9536E1} = {2902FDFD-016E-4BF7-8B41-53D674FA53DD}
		{265C0307-6ED9-43DF-877D-8EAFC099A3CF} = {2902FDFD-016E-4BF7-8B41-53D674FA53DD}
		{C134172C-DAA7-40AA-BBFF-A42F5F5CDFBD} = {265C0307-6ED9-43DF-877D-8EAFC099A3CF}
		{FB86C723-5D70-4715-B4D3-425976035AC1} = {265C0307-6ED9-43DF-877D-8EAFC099A3CF}
		{8ADF1A1C-BC90-420D-B505-66BBBDA91A30} = {265C0307-6ED9-43DF-877D-8EAFC099A3CF}
	EndGlobalSection
	GlobalSection(ExtensibilityGlobals) = postSolution
		SolutionGuid = {16FA64C2-4A0E-42D4-94E6-C8CFDE84597E}
	EndGlobalSection
EndGlobal
